PODS:
  - FLAnimatedImage (1.0.12)
  - M80AttributedLabel (1.9.9)
  - NIMKit (2.12.18):
    - NIMKit/Lite (= 2.12.18)
  - NIMKit/Core (2.12.18):
    - FLAnimatedImage (~> 1.0.12)
    - M80AttributedLabel (~> 1.9.9)
    - SDWebImage (~> 5.0.6)
    - Toast (~> 3.0)
    - TZImagePickerController (~> 3.2.1)
    - YYImage (~> 1.0.4)
    - YYImage/WebP (~> 1.0.4)
  - NIMKit/Lite (2.12.18):
    - NIMKit/Core
    - NIMSDK_LITE (~> 7.6.0)
  - NIMSDK_LITE (7.6.0)
  - SDWebImage (5.0.6):
    - SDWebImage/Core (= 5.0.6)
  - SDWebImage/Core (5.0.6)
  - Toast (3.1.0)
  - TZImagePickerController (3.2.9)
  - YYImage (1.0.4):
    - YYImage/Core (= 1.0.4)
  - YYImage/Core (1.0.4)
  - YYImage/WebP (1.0.4):
    - YYImage/Core

DEPENDENCIES:
  - NIMKit (from `../`)

SPEC REPOS:
  trunk:
    - FLAnimatedImage
    - M80AttributedLabel
    - NIMSDK_LITE
    - SDWebImage
    - Toast
    - TZImagePickerController
    - YYImage

EXTERNAL SOURCES:
  NIMKit:
    :path: "../"

SPEC CHECKSUMS:
  FLAnimatedImage: 4a0b56255d9b05f18b6dd7ee06871be5d3b89e31
  M80AttributedLabel: 77fedfe63804c989a6de0fa4d400ea8cad3ab441
  NIMKit: f2b01b2ef4dddcf2bdcebb4d8e8b590c35c339a0
  NIMSDK_LITE: 543906e39531724279adae5b5a0007a11fbd097a
  SDWebImage: 920f1a2ff1ca8296ad34f6e0510a1ef1d70ac965
  Toast: 14a93686d6c8bfe2727afd342414e35660a8a1f3
  TZImagePickerController: 1f92968aa0e98a06b9e2eccca8560acc19254257
  YYImage: 1e1b62a9997399593e4b9c4ecfbbabbf1d3f3b54

PODFILE CHECKSUM: 0df66ed49e6ece9b6c510e85cc054854cb8dd2a3

COCOAPODS: 1.9.2
