PODS:
  - FLAnimatedImage (1.0.12)
  - libwebp (1.1.0):
    - libwebp/demux (= 1.1.0)
    - libwebp/mux (= 1.1.0)
    - libwebp/webp (= 1.1.0)
  - libwebp/demux (1.1.0):
    - libwebp/webp
  - libwebp/mux (1.1.0):
    - libwebp/demux
  - libwebp/webp (1.1.0)
  - M80AttributedLabel (1.9.9)
  - NIMKit (3.2.001):
    - NIMKit/Lite (= 3.2.001)
  - NIMKit/Core (3.2.001):
    - FLAnimatedImage (~> 1.0)
    - M80AttributedLabel (~> 1.9)
    - SDWebImage (~> 5.1)
    - Toast (~> 4.0)
    - TZImagePickerController (~> 3.5)
    - UICollectionViewLeftAlignedLayout (~> 1.0)
    - YYImage (~> 1.1)
    - YYImage/WebP
  - NIMKit/Lite (3.2.001):
    - NIMKit/Core
    - NIMSDK_LITE (~> 8.2.0)
  - NIMSDK_LITE (8.2.001)
  - SDWebImage (5.10.2):
    - SDWebImage/Core (= 5.10.2)
  - SDWebImage/Core (5.10.2)
  - Toast (4.0.0)
  - TZImagePickerController (3.5.8)
  - UICollectionViewLeftAlignedLayout (1.0.2)
  - YYImage (1.1.1):
    - YYImage/Core (= 1.1.1)
  - YYImage/Core (1.1.1)
  - YYImage/WebP (1.1.1):
    - libwebp (~> 1.0)
    - YYImage/Core

DEPENDENCIES:
  - NIMKit (from `..`)

SPEC REPOS:
  https://github.com/ElfSundae/CocoaPods-Specs.git:
    - NIMSDK_LITE
    - YYImage
  trunk:
    - FLAnimatedImage
    - libwebp
    - M80AttributedLabel
    - SDWebImage
    - Toast
    - TZImagePickerController
    - UICollectionViewLeftAlignedLayout

EXTERNAL SOURCES:
  NIMKit:
    :path: ".."

SPEC CHECKSUMS:
  FLAnimatedImage: 4a0b56255d9b05f18b6dd7ee06871be5d3b89e31
  libwebp: 946cb3063cea9236285f7e9a8505d806d30e07f3
  M80AttributedLabel: 77fedfe63804c989a6de0fa4d400ea8cad3ab441
  NIMKit: 95492396c5c00c78bdee42c262d0a96157961ec3
  NIMSDK_LITE: 46ec125bca5ce9e007f548147e6dc2413dbc984a
  SDWebImage: b969dcfc02c40a5da71eac0b03b8f1a0c794a86f
  Toast: 91b396c56ee72a5790816f40d3a94dd357abc196
  TZImagePickerController: 7fd9702897ef8c0b7c951e5463f4bcf398296f9e
  UICollectionViewLeftAlignedLayout: 830bf6fa5bab9f9b464f62e3384f9d2e00b3c0f6
  YYImage: 3bfa2ff002708f6fbb549cff029181cf192c0b0d

PODFILE CHECKSUM: 6108dd6e584d52c1fc634aacd979aaad00707d6c

COCOAPODS: 1.10.0
